// !$*UTF8*$!
{
	archiveVersion = 1;
	classes = {
	};
	objectVersion = 48;
	objects = {

/* Begin PBXBuildFile section */
		5EC439E81FE26467009B92B0 /* AppDelegate.swift in Sources */ = {isa = PBXBuildFile; fileRef = 5EC439E71FE26467009B92B0 /* AppDelegate.swift */; };
		5EC439EA1FE26467009B92B0 /* ViewController.swift in Sources */ = {isa = PBXBuildFile; fileRef = 5EC439E91FE26467009B92B0 /* ViewController.swift */; };
		5EC439ED1FE26467009B92B0 /* Main.storyboard in Resources */ = {isa = PBXBuildFile; fileRef = 5EC439EB1FE26467009B92B0 /* Main.storyboard */; };
		5EC439F01FE26467009B92B0 /* libsqliteInSwift.xcdatamodeld in Sources */ = {isa = PBXBuildFile; fileRef = 5EC439EE1FE26467009B92B0 /* libsqliteInSwift.xcdatamodeld */; };
		5EC439F21FE26467009B92B0 /* Assets.xcassets in Resources */ = {isa = PBXBuildFile; fileRef = 5EC439F11FE26467009B92B0 /* Assets.xcassets */; };
		5EC439F51FE26467009B92B0 /* LaunchScreen.storyboard in Resources */ = {isa = PBXBuildFile; fileRef = 5EC439F31FE26467009B92B0 /* LaunchScreen.storyboard */; };
		5EC43A021FE2664A009B92B0 /* LibsqliteHander.m in Sources */ = {isa = PBXBuildFile; fileRef = 5EC43A011FE2664A009B92B0 /* LibsqliteHander.m */; };
		5EC43A051FE266EE009B92B0 /* libsqlite3.0.tbd in Frameworks */ = {isa = PBXBuildFile; fileRef = 5EC43A041FE266ED009B92B0 /* libsqlite3.0.tbd */; };
/* End PBXBuildFile section */

/* Begin PBXFileReference section */
		5EC439E41FE26467009B92B0 /* libsqliteInSwift.app */ = {isa = PBXFileReference; explicitFileType = wrapper.application; includeInIndex = 0; path = libsqliteInSwift.app; sourceTree = BUILT_PRODUCTS_DIR; };
		5EC439E71FE26467009B92B0 /* AppDelegate.swift */ = {isa = PBXFileReference; lastKnownFileType = sourcecode.swift; path = AppDelegate.swift; sourceTree = "<group>"; };
		5EC439E91FE26467009B92B0 /* ViewController.swift */ = {isa = PBXFileReference; lastKnownFileType = sourcecode.swift; path = ViewController.swift; sourceTree = "<group>"; };
		5EC439EC1FE26467009B92B0 /* Base */ = {isa = PBXFileReference; lastKnownFileType = file.storyboard; name = Base; path = Base.lproj/Main.storyboard; sourceTree = "<group>"; };
		5EC439EF1FE26467009B92B0 /* libsqliteInSwift.xcdatamodel */ = {isa = PBXFileReference; lastKnownFileType = wrapper.xcdatamodel; path = libsqliteInSwift.xcdatamodel; sourceTree = "<group>"; };
		5EC439F11FE26467009B92B0 /* Assets.xcassets */ = {isa = PBXFileReference; lastKnownFileType = folder.assetcatalog; path = Assets.xcassets; sourceTree = "<group>"; };
		5EC439F41FE26467009B92B0 /* Base */ = {isa = PBXFileReference; lastKnownFileType = file.storyboard; name = Base; path = Base.lproj/LaunchScreen.storyboard; sourceTree = "<group>"; };
		5EC439F61FE26467009B92B0 /* Info.plist */ = {isa = PBXFileReference; lastKnownFileType = text.plist.xml; path = Info.plist; sourceTree = "<group>"; };
		5EC439FF1FE2664A009B92B0 /* libsqliteInSwift-Bridging-Header.h */ = {isa = PBXFileReference; lastKnownFileType = sourcecode.c.h; path = "libsqliteInSwift-Bridging-Header.h"; sourceTree = "<group>"; };
		5EC43A001FE2664A009B92B0 /* LibsqliteHander.h */ = {isa = PBXFileReference; lastKnownFileType = sourcecode.c.h; path = LibsqliteHander.h; sourceTree = "<group>"; };
		5EC43A011FE2664A009B92B0 /* LibsqliteHander.m */ = {isa = PBXFileReference; lastKnownFileType = sourcecode.c.objc; path = LibsqliteHander.m; sourceTree = "<group>"; };
		5EC43A041FE266ED009B92B0 /* libsqlite3.0.tbd */ = {isa = PBXFileReference; lastKnownFileType = "sourcecode.text-based-dylib-definition"; name = libsqlite3.0.tbd; path = usr/lib/libsqlite3.0.tbd; sourceTree = SDKROOT; };
/* End PBXFileReference section */

/* Begin PBXFrameworksBuildPhase section */
		5EC439E11FE26467009B92B0 /* Frameworks */ = {
			isa = PBXFrameworksBuildPhase;
			buildActionMask = 2147483647;
			files = (
				5EC43A051FE266EE009B92B0 /* libsqlite3.0.tbd in Frameworks */,
			);
			runOnlyForDeploymentPostprocessing = 0;
		};
/* End PBXFrameworksBuildPhase section */

/* Begin PBXGroup section */
		5EC439DB1FE26467009B92B0 = {
			isa = PBXGroup;
			children = (
				5EC439E61FE26467009B92B0 /* libsqliteInSwift */,
				5EC439E51FE26467009B92B0 /* Products */,
				5EC43A031FE266ED009B92B0 /* Frameworks */,
			);
			sourceTree = "<group>";
		};
		5EC439E51FE26467009B92B0 /* Products */ = {
			isa = PBXGroup;
			children = (
				5EC439E41FE26467009B92B0 /* libsqliteInSwift.app */,
			);
			name = Products;
			sourceTree = "<group>";
		};
		5EC439E61FE26467009B92B0 /* libsqliteInSwift */ = {
			isa = PBXGroup;
			children = (
				5EC439E71FE26467009B92B0 /* AppDelegate.swift */,
				5EC439E91FE26467009B92B0 /* ViewController.swift */,
				5EC439FC1FE26501009B92B0 /* OC_Hander */,
				5EC439EB1FE26467009B92B0 /* Main.storyboard */,
				5EC439F11FE26467009B92B0 /* Assets.xcassets */,
				5EC439F31FE26467009B92B0 /* LaunchScreen.storyboard */,
				5EC439F61FE26467009B92B0 /* Info.plist */,
				5EC439EE1FE26467009B92B0 /* libsqliteInSwift.xcdatamodeld */,
			);
			path = libsqliteInSwift;
			sourceTree = "<group>";
		};
		5EC439FC1FE26501009B92B0 /* OC_Hander */ = {
			isa = PBXGroup;
			children = (
				5EC43A001FE2664A009B92B0 /* LibsqliteHander.h */,
				5EC43A011FE2664A009B92B0 /* LibsqliteHander.m */,
				5EC439FF1FE2664A009B92B0 /* libsqliteInSwift-Bridging-Header.h */,
			);
			path = OC_Hander;
			sourceTree = "<group>";
		};
		5EC43A031FE266ED009B92B0 /* Frameworks */ = {
			isa = PBXGroup;
			children = (
				5EC43A041FE266ED009B92B0 /* libsqlite3.0.tbd */,
			);
			name = Frameworks;
			sourceTree = "<group>";
		};
/* End PBXGroup section */

/* Begin PBXNativeTarget section */
		5EC439E31FE26467009B92B0 /* libsqliteInSwift */ = {
			isa = PBXNativeTarget;
			buildConfigurationList = 5EC439F91FE26467009B92B0 /* Build configuration list for PBXNativeTarget "libsqliteInSwift" */;
			buildPhases = (
				5EC439E01FE26467009B92B0 /* Sources */,
				5EC439E11FE26467009B92B0 /* Frameworks */,
				5EC439E21FE26467009B92B0 /* Resources */,
			);
			buildRules = (
			);
			dependencies = (
			);
			name = libsqliteInSwift;
			productName = libsqliteInSwift;
			productReference = 5EC439E41FE26467009B92B0 /* libsqliteInSwift.app */;
			productType = "com.apple.product-type.application";
		};
/* End PBXNativeTarget section */

/* Begin PBXProject section */
		5EC439DC1FE26467009B92B0 /* Project object */ = {
			isa = PBXProject;
			attributes = {
				LastSwiftUpdateCheck = 0920;
				LastUpgradeCheck = 0920;
				ORGANIZATIONNAME = "苏俊杰";
				TargetAttributes = {
					5EC439E31FE26467009B92B0 = {
						CreatedOnToolsVersion = 9.2;
						LastSwiftMigration = 0920;
						ProvisioningStyle = Automatic;
					};
				};
			};
			buildConfigurationList = 5EC439DF1FE26467009B92B0 /* Build configuration list for PBXProject "libsqliteInSwift" */;
			compatibilityVersion = "Xcode 8.0";
			developmentRegion = en;
			hasScannedForEncodings = 0;
			knownRegions = (
				en,
				Base,
			);
			mainGroup = 5EC439DB1FE26467009B92B0;
			productRefGroup = 5EC439E51FE26467009B92B0 /* Products */;
			projectDirPath = "";
			projectRoot = "";
			targets = (
				5EC439E31FE26467009B92B0 /* libsqliteInSwift */,
			);
		};
/* End PBXProject section */

/* Begin PBXResourcesBuildPhase section */
		5EC439E21FE26467009B92B0 /* Resources */ = {
			isa = PBXResourcesBuildPhase;
			buildActionMask = 2147483647;
			files = (
				5EC439F51FE26467009B92B0 /* LaunchScreen.storyboard in Resources */,
				5EC439F21FE26467009B92B0 /* Assets.xcassets in Resources */,
				5EC439ED1FE26467009B92B0 /* Main.storyboard in Resources */,
			);
			runOnlyForDeploymentPostprocessing = 0;
		};
/* End PBXResourcesBuildPhase section */

/* Begin PBXSourcesBuildPhase section */
		5EC439E01FE26467009B92B0 /* Sources */ = {
			isa = PBXSourcesBuildPhase;
			buildActionMask = 2147483647;
			files = (
				5EC439EA1FE26467009B92B0 /* ViewController.swift in Sources */,
				5EC439E81FE26467009B92B0 /* AppDelegate.swift in Sources */,
				5EC439F01FE26467009B92B0 /* libsqliteInSwift.xcdatamodeld in Sources */,
				5EC43A021FE2664A009B92B0 /* LibsqliteHander.m in Sources */,
			);
			runOnlyForDeploymentPostprocessing = 0;
		};
/* End PBXSourcesBuildPhase section */

/* Begin PBXVariantGroup section */
		5EC439EB1FE26467009B92B0 /* Main.storyboard */ = {
			isa = PBXVariantGroup;
			children = (
				5EC439EC1FE26467009B92B0 /* Base */,
			);
			name = Main.storyboard;
			sourceTree = "<group>";
		};
		5EC439F31FE26467009B92B0 /* LaunchScreen.storyboard */ = {
			isa = PBXVariantGroup;
			children = (
				5EC439F41FE26467009B92B0 /* Base */,
			);
			name = LaunchScreen.storyboard;
			sourceTree = "<group>";
		};
/* End PBXVariantGroup section */

/* Begin XCBuildConfiguration section */
		5EC439F71FE26467009B92B0 /* Debug */ = {
			isa = XCBuildConfiguration;
			buildSettings = {
				ALWAYS_SEARCH_USER_PATHS = NO;
				CLANG_ANALYZER_NONNULL = YES;
				CLANG_ANALYZER_NUMBER_OBJECT_CONVERSION = YES_AGGRESSIVE;
				CLANG_CXX_LANGUAGE_STANDARD = "gnu++14";
				CLANG_CXX_LIBRARY = "libc++";
				CLANG_ENABLE_MODULES = YES;
				CLANG_ENABLE_OBJC_ARC = YES;
				CLANG_WARN_BLOCK_CAPTURE_AUTORELEASING = YES;
				CLANG_WARN_BOOL_CONVERSION = YES;
				CLANG_WARN_COMMA = YES;
				CLANG_WARN_CONSTANT_CONVERSION = YES;
				CLANG_WARN_DIRECT_OBJC_ISA_USAGE = YES_ERROR;
				CLANG_WARN_DOCUMENTATION_COMMENTS = YES;
				CLANG_WARN_EMPTY_BODY = YES;
				CLANG_WARN_ENUM_CONVERSION = YES;
				CLANG_WARN_INFINITE_RECURSION = YES;
				CLANG_WARN_INT_CONVERSION = YES;
				CLANG_WARN_NON_LITERAL_NULL_CONVERSION = YES;
				CLANG_WARN_OBJC_LITERAL_CONVERSION = YES;
				CLANG_WARN_OBJC_ROOT_CLASS = YES_ERROR;
				CLANG_WARN_RANGE_LOOP_ANALYSIS = YES;
				CLANG_WARN_STRICT_PROTOTYPES = YES;
				CLANG_WARN_SUSPICIOUS_MOVE = YES;
				CLANG_WARN_UNGUARDED_AVAILABILITY = YES_AGGRESSIVE;
				CLANG_WARN_UNREACHABLE_CODE = YES;
				CLANG_WARN__DUPLICATE_METHOD_MATCH = YES;
				CODE_SIGN_IDENTITY = "iPhone Developer";
				COPY_PHASE_STRIP = NO;
				DEBUG_INFORMATION_FORMAT = dwarf;
				ENABLE_STRICT_OBJC_MSGSEND = YES;
				ENABLE_TESTABILITY = YES;
				GCC_C_LANGUAGE_STANDARD = gnu11;
				GCC_DYNAMIC_NO_PIC = NO;
				GCC_NO_COMMON_BLOCKS = YES;
				GCC_OPTIMIZATION_LEVEL = 0;
				GCC_PREPROCESSOR_DEFINITIONS = (
					"DEBUG=1",
					"$(inherited)",
				);
				GCC_WARN_64_TO_32_BIT_CONVERSION = YES;
				GCC_WARN_ABOUT_RETURN_TYPE = YES_ERROR;
				GCC_WARN_UNDECLARED_SELECTOR = YES;
				GCC_WARN_UNINITIALIZED_AUTOS = YES_AGGRESSIVE;
				GCC_WARN_UNUSED_FUNCTION = YES;
				GCC_WARN_UNUSED_VARIABLE = YES;
				IPHONEOS_DEPLOYMENT_TARGET = 11.2;
				MTL_ENABLE_DEBUG_INFO = YES;
				ONLY_ACTIVE_ARCH = YES;
				SDKROOT = iphoneos;
				SWIFT_ACTIVE_COMPILATION_CONDITIONS = DEBUG;
				SWIFT_OPTIMIZATION_LEVEL = "-Onone";
			};
			name = Debug;
		};
		5EC439F81FE26467009B92B0 /* Release */ = {
			isa = XCBuildConfiguration;
			buildSettings = {
				ALWAYS_SEARCH_USER_PATHS = NO;
				CLANG_ANALYZER_NONNULL = YES;
				CLANG_ANALYZER_NUMBER_OBJECT_CONVERSION = YES_AGGRESSIVE;
				CLANG_CXX_LANGUAGE_STANDARD = "gnu++14";
				CLANG_CXX_LIBRARY = "libc++";
				CLANG_ENABLE_MODULES = YES;
				CLANG_ENABLE_OBJC_ARC = YES;
				CLANG_WARN_BLOCK_CAPTURE_AUTORELEASING = YES;
				CLANG_WARN_BOOL_CONVERSION = YES;
				CLANG_WARN_COMMA = YES;
				CLANG_WARN_CONSTANT_CONVERSION = YES;
				CLANG_WARN_DIRECT_OBJC_ISA_USAGE = YES_ERROR;
				CLANG_WARN_DOCUMENTATION_COMMENTS = YES;
				CLANG_WARN_EMPTY_BODY = YES;
				CLANG_WARN_ENUM_CONVERSION = YES;
				CLANG_WARN_INFINITE_RECURSION = YES;
				CLANG_WARN_INT_CONVERSION = YES;
				CLANG_WARN_NON_LITERAL_NULL_CONVERSION = YES;
				CLANG_WARN_OBJC_LITERAL_CONVERSION = YES;
				CLANG_WARN_OBJC_ROOT_CLASS = YES_ERROR;
				CLANG_WARN_RANGE_LOOP_ANALYSIS = YES;
				CLANG_WARN_STRICT_PROTOTYPES = YES;
				CLANG_WARN_SUSPICIOUS_MOVE = YES;
				CLANG_WARN_UNGUARDED_AVAILABILITY = YES_AGGRESSIVE;
				CLANG_WARN_UNREACHABLE_CODE = YES;
				CLANG_WARN__DUPLICATE_METHOD_MATCH = YES;
				CODE_SIGN_IDENTITY = "iPhone Developer";
				COPY_PHASE_STRIP = NO;
				DEBUG_INFORMATION_FORMAT = "dwarf-with-dsym";
				ENABLE_NS_ASSERTIONS = NO;
				ENABLE_STRICT_OBJC_MSGSEND = YES;
				GCC_C_LANGUAGE_STANDARD = gnu11;
				GCC_NO_COMMON_BLOCKS = YES;
				GCC_WARN_64_TO_32_BIT_CONVERSION = YES;
				GCC_WARN_ABOUT_RETURN_TYPE = YES_ERROR;
				GCC_WARN_UNDECLARED_SELECTOR = YES;
				GCC_WARN_UNINITIALIZED_AUTOS = YES_AGGRESSIVE;
				GCC_WARN_UNUSED_FUNCTION = YES;
				GCC_WARN_UNUSED_VARIABLE = YES;
				IPHONEOS_DEPLOYMENT_TARGET = 11.2;
				MTL_ENABLE_DEBUG_INFO = NO;
				SDKROOT = iphoneos;
				SWIFT_OPTIMIZATION_LEVEL = "-Owholemodule";
				VALIDATE_PRODUCT = YES;
			};
			name = Release;
		};
		5EC439FA1FE26467009B92B0 /* Debug */ = {
			isa = XCBuildConfiguration;
			buildSettings = {
				ASSETCATALOG_COMPILER_APPICON_NAME = AppIcon;
				CLANG_ENABLE_MODULES = YES;
				CODE_SIGN_STYLE = Automatic;
				DEVELOPMENT_TEAM = 3USAF7DRZB;
				INFOPLIST_FILE = libsqliteInSwift/Info.plist;
				IPHONEOS_DEPLOYMENT_TARGET = 10.0;
				LD_RUNPATH_SEARCH_PATHS = "$(inherited) @executable_path/Frameworks";
				PRODUCT_BUNDLE_IDENTIFIER = com.szzjcx.libsqliteInSwift;
				PRODUCT_NAME = "$(TARGET_NAME)";
				SWIFT_OBJC_BRIDGING_HEADER = "libsqliteInSwift/OC_Hander/libsqliteInSwift-Bridging-Header.h";
				SWIFT_OPTIMIZATION_LEVEL = "-Onone";
				SWIFT_VERSION = 4.0;
				TARGETED_DEVICE_FAMILY = "1,2";
			};
			name = Debug;
		};
		5EC439FB1FE26467009B92B0 /* Release */ = {
			isa = XCBuildConfiguration;
			buildSettings = {
				ASSETCATALOG_COMPILER_APPICON_NAME = AppIcon;
				CLANG_ENABLE_MODULES = YES;
				CODE_SIGN_STYLE = Automatic;
				DEVELOPMENT_TEAM = 3USAF7DRZB;
				INFOPLIST_FILE = libsqliteInSwift/Info.plist;
				IPHONEOS_DEPLOYMENT_TARGET = 10.0;
				LD_RUNPATH_SEARCH_PATHS = "$(inherited) @executable_path/Frameworks";
				PRODUCT_BUNDLE_IDENTIFIER = com.szzjcx.libsqliteInSwift;
				PRODUCT_NAME = "$(TARGET_NAME)";
				SWIFT_OBJC_BRIDGING_HEADER = "libsqliteInSwift/OC_Hander/libsqliteInSwift-Bridging-Header.h";
				SWIFT_VERSION = 4.0;
				TARGETED_DEVICE_FAMILY = "1,2";
			};
			name = Release;
		};
/* End XCBuildConfiguration section */

/* Begin XCConfigurationList section */
		5EC439DF1FE26467009B92B0 /* Build configuration list for PBXProject "libsqliteInSwift" */ = {
			isa = XCConfigurationList;
			buildConfigurations = (
				5EC439F71FE26467009B92B0 /* Debug */,
				5EC439F81FE26467009B92B0 /* Release */,
			);
			defaultConfigurationIsVisible = 0;
			defaultConfigurationName = Release;
		};
		5EC439F91FE26467009B92B0 /* Build configuration list for PBXNativeTarget "libsqliteInSwift" */ = {
			isa = XCConfigurationList;
			buildConfigurations = (
				5EC439FA1FE26467009B92B0 /* Debug */,
				5EC439FB1FE26467009B92B0 /* Release */,
			);
			defaultConfigurationIsVisible = 0;
			defaultConfigurationName = Release;
		};
/* End XCConfigurationList section */

/* Begin XCVersionGroup section */
		5EC439EE1FE26467009B92B0 /* libsqliteInSwift.xcdatamodeld */ = {
			isa = XCVersionGroup;
			children = (
				5EC439EF1FE26467009B92B0 /* libsqliteInSwift.xcdatamodel */,
			);
			currentVersion = 5EC439EF1FE26467009B92B0 /* libsqliteInSwift.xcdatamodel */;
			path = libsqliteInSwift.xcdatamodeld;
			sourceTree = "<group>";
			versionGroupType = wrapper.xcdatamodel;
		};
/* End XCVersionGroup section */
	};
	rootObject = 5EC439DC1FE26467009B92B0 /* Project object */;
}
